
Microsoft Visual Studio Solution File, Format Version 12.00
# Visual Studio 15
VisualStudioVersion = 15.0.27130.2020
MinimumVisualStudioVersion = 10.0.40219.1
Project("{FAE04EC0-301F-11D3-BF4B-00C04F79EFBC}") = "MicroObjectMagicTheGathering", "MicroObjectMagicTheGathering\MicroObjectMagicTheGathering.csproj", "{878FD17F-C65F-4454-A252-12B8A17717B4}"
EndProject
Global
	GlobalSection(SolutionConfigurationPlatforms) = preSolution
		Debug|Any CPU = Debug|Any CPU
		Release|Any CPU = Release|Any CPU
	EndGlobalSection
	GlobalSection(ProjectConfigurationPlatforms) = postSolution
		{878FD17F-C65F-4454-A252-12B8A17717B4}.Debug|Any CPU.ActiveCfg = Debug|Any CPU
		{878FD17F-C65F-4454-A252-12B8A17717B4}.Debug|Any CPU.Build.0 = Debug|Any CPU
		{878FD17F-C65F-4454-A252-12B8A17717B4}.Release|Any CPU.ActiveCfg = Release|Any CPU
		{878FD17F-C65F-4454-A252-12B8A17717B4}.Release|Any CPU.Build.0 = Release|Any CPU
	EndGlobalSection
	GlobalSection(SolutionProperties) = preSolution
		HideSolutionNode = FALSE
	EndGlobalSection
	GlobalSection(ExtensibilityGlobals) = postSolution
		SolutionGuid = {6F7E2E0E-A65D-4A28-AC61-99F9FC5FB1C4}
	EndGlobalSection
EndGlobal
